// !$*UTF8*$!
{
	archiveVersion = 1;
	classes = {
	};
	objectVersion = 50;
	objects = {

/* Begin PBXBuildFile section */
		00F2012D269DF55300DC9785 /* AppDelegate.swift in Sources */ = {isa = PBXBuildFile; fileRef = 00F2012C269DF55300DC9785 /* AppDelegate.swift */; };
		00F2012F269DF55300DC9785 /* SceneDelegate.swift in Sources */ = {isa = PBXBuildFile; fileRef = 00F2012E269DF55300DC9785 /* SceneDelegate.swift */; };
		00F20131269DF55300DC9785 /* ViewController.swift in Sources */ = {isa = PBXBuildFile; fileRef = 00F20130269DF55300DC9785 /* ViewController.swift */; };
		00F20134269DF55300DC9785 /* Main.storyboard in Resources */ = {isa = PBXBuildFile; fileRef = 00F20132269DF55300DC9785 /* Main.storyboard */; };
		00F20136269DF55300DC9785 /* Assets.xcassets in Resources */ = {isa = PBXBuildFile; fileRef = 00F20135269DF55300DC9785 /* Assets.xcassets */; };
		00F20139269DF55300DC9785 /* LaunchScreen.storyboard in Resources */ = {isa = PBXBuildFile; fileRef = 00F20137269DF55300DC9785 /* LaunchScreen.storyboard */; };
		00F20141269DF6A200DC9785 /* Link.swift in Sources */ = {isa = PBXBuildFile; fileRef = 00F20140269DF6A200DC9785 /* Link.swift */; };
/* End PBXBuildFile section */

/* Begin PBXFileReference section */
		00F20129269DF55300DC9785 /* MusicLinkTest.app */ = {isa = PBXFileReference; explicitFileType = wrapper.application; includeInIndex = 0; path = MusicLinkTest.app; sourceTree = BUILT_PRODUCTS_DIR; };
		00F2012C269DF55300DC9785 /* AppDelegate.swift */ = {isa = PBXFileReference; lastKnownFileType = sourcecode.swift; path = AppDelegate.swift; sourceTree = "<group>"; };
		00F2012E269DF55300DC9785 /* SceneDelegate.swift */ = {isa = PBXFileReference; lastKnownFileType = sourcecode.swift; path = SceneDelegate.swift; sourceTree = "<group>"; };
		00F20130269DF55300DC9785 /* ViewController.swift */ = {isa = PBXFileReference; lastKnownFileType = sourcecode.swift; path = ViewController.swift; sourceTree = "<group>"; };
		00F20133269DF55300DC9785 /* Base */ = {isa = PBXFileReference; lastKnownFileType = file.storyboard; name = Base; path = Base.lproj/Main.storyboard; sourceTree = "<group>"; };
		00F20135269DF55300DC9785 /* Assets.xcassets */ = {isa = PBXFileReference; lastKnownFileType = folder.assetcatalog; path = Assets.xcassets; sourceTree = "<group>"; };
		00F20138269DF55300DC9785 /* Base */ = {isa = PBXFileReference; lastKnownFileType = file.storyboard; name = Base; path = Base.lproj/LaunchScreen.storyboard; sourceTree = "<group>"; };
		00F2013A269DF55300DC9785 /* Info.plist */ = {isa = PBXFileReference; lastKnownFileType = text.plist.xml; path = Info.plist; sourceTree = "<group>"; };
		00F20140269DF6A200DC9785 /* Link.swift */ = {isa = PBXFileReference; lastKnownFileType = sourcecode.swift; path = Link.swift; sourceTree = "<group>"; };
/* End PBXFileReference section */

/* Begin PBXFrameworksBuildPhase section */
		00F20126269DF55300DC9785 /* Frameworks */ = {
			isa = PBXFrameworksBuildPhase;
			buildActionMask = 2147483647;
			files = (
			);
			runOnlyForDeploymentPostprocessing = 0;
		};
/* End PBXFrameworksBuildPhase section */

/* Begin PBXGroup section */
		00F20120269DF55300DC9785 = {
			isa = PBXGroup;
			children = (
				00F2012B269DF55300DC9785 /* MusicLinkTest */,
				00F2012A269DF55300DC9785 /* Products */,
			);
			sourceTree = "<group>";
		};
		00F2012A269DF55300DC9785 /* Products */ = {
			isa = PBXGroup;
			children = (
				00F20129269DF55300DC9785 /* MusicLinkTest.app */,
			);
			name = Products;
			sourceTree = "<group>";
		};
		00F2012B269DF55300DC9785 /* MusicLinkTest */ = {
			isa = PBXGroup;
			children = (
				00F2012C269DF55300DC9785 /* AppDelegate.swift */,
				00F2012E269DF55300DC9785 /* SceneDelegate.swift */,
				00F20130269DF55300DC9785 /* ViewController.swift */,
				00F20140269DF6A200DC9785 /* Link.swift */,
				00F20132269DF55300DC9785 /* Main.storyboard */,
				00F20135269DF55300DC9785 /* Assets.xcassets */,
				00F20137269DF55300DC9785 /* LaunchScreen.storyboard */,
				00F2013A269DF55300DC9785 /* Info.plist */,
			);
			path = MusicLinkTest;
			sourceTree = "<group>";
		};
/* End PBXGroup section */

/* Begin PBXNativeTarget section */
		00F20128269DF55300DC9785 /* MusicLinkTest */ = {
			isa = PBXNativeTarget;
			buildConfigurationList = 00F2013D269DF55300DC9785 /* Build configuration list for PBXNativeTarget "MusicLinkTest" */;
			buildPhases = (
				00F20125269DF55300DC9785 /* Sources */,
				00F20126269DF55300DC9785 /* Frameworks */,
				00F20127269DF55300DC9785 /* Resources */,
			);
			buildRules = (
			);
			dependencies = (
			);
			name = MusicLinkTest;
			productName = MusicLinkTest;
			productReference = 00F20129269DF55300DC9785 /* MusicLinkTest.app */;
			productType = "com.apple.product-type.application";
		};
/* End PBXNativeTarget section */

/* Begin PBXProject section */
		00F20121269DF55300DC9785 /* Project object */ = {
			isa = PBXProject;
			attributes = {
				LastSwiftUpdateCheck = 1250;
				LastUpgradeCheck = 1250;
				TargetAttributes = {
					00F20128269DF55300DC9785 = {
						CreatedOnToolsVersion = 12.5.1;
					};
				};
			};
			buildConfigurationList = 00F20124269DF55300DC9785 /* Build configuration list for PBXProject "MusicLinkTest" */;
			compatibilityVersion = "Xcode 9.3";
			developmentRegion = en;
			hasScannedForEncodings = 0;
			knownRegions = (
				en,
				Base,
			);
			mainGroup = 00F20120269DF55300DC9785;
			productRefGroup = 00F2012A269DF55300DC9785 /* Products */;
			projectDirPath = "";
			projectRoot = "";
			targets = (
				00F20128269DF55300DC9785 /* MusicLinkTest */,
			);
		};
/* End PBXProject section */

/* Begin PBXResourcesBuildPhase section */
		00F20127269DF55300DC9785 /* Resources */ = {
			isa = PBXResourcesBuildPhase;
			buildActionMask = 2147483647;
			files = (
				00F20139269DF55300DC9785 /* LaunchScreen.storyboard in Resources */,
				00F20136269DF55300DC9785 /* Assets.xcassets in Resources */,
				00F20134269DF55300DC9785 /* Main.storyboard in Resources */,
			);
			runOnlyForDeploymentPostprocessing = 0;
		};
/* End PBXResourcesBuildPhase section */

/* Begin PBXSourcesBuildPhase section */
		00F20125269DF55300DC9785 /* Sources */ = {
			isa = PBXSourcesBuildPhase;
			buildActionMask = 2147483647;
			files = (
				00F20131269DF55300DC9785 /* ViewController.swift in Sources */,
				00F2012D269DF55300DC9785 /* AppDelegate.swift in Sources */,
				00F2012F269DF55300DC9785 /* SceneDelegate.swift in Sources */,
				00F20141269DF6A200DC9785 /* Link.swift in Sources */,
			);
			runOnlyForDeploymentPostprocessing = 0;
		};
/* End PBXSourcesBuildPhase section */

/* Begin PBXVariantGroup section */
		00F20132269DF55300DC9785 /* Main.storyboard */ = {
			isa = PBXVariantGroup;
			children = (
				00F20133269DF55300DC9785 /* Base */,
			);
			name = Main.storyboard;
			sourceTree = "<group>";
		};
		00F20137269DF55300DC9785 /* LaunchScreen.storyboard */ = {
			isa = PBXVariantGroup;
			children = (
				00F20138269DF55300DC9785 /* Base */,
			);
			name = LaunchScreen.storyboard;
			sourceTree = "<group>";
		};
/* End PBXVariantGroup section */

/* Begin XCBuildConfiguration section */
		00F2013B269DF55300DC9785 /* Debug */ = {
			isa = XCBuildConfiguration;
			buildSettings = {
				ALWAYS_SEARCH_USER_PATHS = NO;
				CLANG_ANALYZER_NONNULL = YES;
				CLANG_ANALYZER_NUMBER_OBJECT_CONVERSION = YES_AGGRESSIVE;
				CLANG_CXX_LANGUAGE_STANDARD = "gnu++14";
				CLANG_CXX_LIBRARY = "libc++";
				CLANG_ENABLE_MODULES = YES;
				CLANG_ENABLE_OBJC_ARC = YES;
				CLANG_ENABLE_OBJC_WEAK = YES;
				CLANG_WARN_BLOCK_CAPTURE_AUTORELEASING = YES;
				CLANG_WARN_BOOL_CONVERSION = YES;
				CLANG_WARN_COMMA = YES;
				CLANG_WARN_CONSTANT_CONVERSION = YES;
				CLANG_WARN_DEPRECATED_OBJC_IMPLEMENTATIONS = YES;
				CLANG_WARN_DIRECT_OBJC_ISA_USAGE = YES_ERROR;
				CLANG_WARN_DOCUMENTATION_COMMENTS = YES;
				CLANG_WARN_EMPTY_BODY = YES;
				CLANG_WARN_ENUM_CONVERSION = YES;
				CLANG_WARN_INFINITE_RECURSION = YES;
				CLANG_WARN_INT_CONVERSION = YES;
				CLANG_WARN_NON_LITERAL_NULL_CONVERSION = YES;
				CLANG_WARN_OBJC_IMPLICIT_RETAIN_SELF = YES;
				CLANG_WARN_OBJC_LITERAL_CONVERSION = YES;
				CLANG_WARN_OBJC_ROOT_CLASS = YES_ERROR;
				CLANG_WARN_QUOTED_INCLUDE_IN_FRAMEWORK_HEADER = YES;
				CLANG_WARN_RANGE_LOOP_ANALYSIS = YES;
				CLANG_WARN_STRICT_PROTOTYPES = YES;
				CLANG_WARN_SUSPICIOUS_MOVE = YES;
				CLANG_WARN_UNGUARDED_AVAILABILITY = YES_AGGRESSIVE;
				CLANG_WARN_UNREACHABLE_CODE = YES;
				CLANG_WARN__DUPLICATE_METHOD_MATCH = YES;
				COPY_PHASE_STRIP = NO;
				DEBUG_INFORMATION_FORMAT = dwarf;
				ENABLE_STRICT_OBJC_MSGSEND = YES;
				ENABLE_TESTABILITY = YES;
				GCC_C_LANGUAGE_STANDARD = gnu11;
				GCC_DYNAMIC_NO_PIC = NO;
				GCC_NO_COMMON_BLOCKS = YES;
				GCC_OPTIMIZATION_LEVEL = 0;
				GCC_PREPROCESSOR_DEFINITIONS = (
					"DEBUG=1",
					"$(inherited)",
				);
				GCC_WARN_64_TO_32_BIT_CONVERSION = YES;
				GCC_WARN_ABOUT_RETURN_TYPE = YES_ERROR;
				GCC_WARN_UNDECLARED_SELECTOR = YES;
				GCC_WARN_UNINITIALIZED_AUTOS = YES_AGGRESSIVE;
				GCC_WARN_UNUSED_FUNCTION = YES;
				GCC_WARN_UNUSED_VARIABLE = YES;
				IPHONEOS_DEPLOYMENT_TARGET = 14.5;
				MTL_ENABLE_DEBUG_INFO = INCLUDE_SOURCE;
				MTL_FAST_MATH = YES;
				ONLY_ACTIVE_ARCH = YES;
				SDKROOT = iphoneos;
				SWIFT_ACTIVE_COMPILATION_CONDITIONS = DEBUG;
				SWIFT_OPTIMIZATION_LEVEL = "-Onone";
			};
			name = Debug;
		};
		00F2013C269DF55300DC9785 /* Release */ = {
			isa = XCBuildConfiguration;
			buildSettings = {
				ALWAYS_SEARCH_USER_PATHS = NO;
				CLANG_ANALYZER_NONNULL = YES;
				CLANG_ANALYZER_NUMBER_OBJECT_CONVERSION = YES_AGGRESSIVE;
				CLANG_CXX_LANGUAGE_STANDARD = "gnu++14";
				CLANG_CXX_LIBRARY = "libc++";
				CLANG_ENABLE_MODULES = YES;
				CLANG_ENABLE_OBJC_ARC = YES;
				CLANG_ENABLE_OBJC_WEAK = YES;
				CLANG_WARN_BLOCK_CAPTURE_AUTORELEASING = YES;
				CLANG_WARN_BOOL_CONVERSION = YES;
				CLANG_WARN_COMMA = YES;
				CLANG_WARN_CONSTANT_CONVERSION = YES;
				CLANG_WARN_DEPRECATED_OBJC_IMPLEMENTATIONS = YES;
				CLANG_WARN_DIRECT_OBJC_ISA_USAGE = YES_ERROR;
				CLANG_WARN_DOCUMENTATION_COMMENTS = YES;
				CLANG_WARN_EMPTY_BODY = YES;
				CLANG_WARN_ENUM_CONVERSION = YES;
				CLANG_WARN_INFINITE_RECURSION = YES;
				CLANG_WARN_INT_CONVERSION = YES;
				CLANG_WARN_NON_LITERAL_NULL_CONVERSION = YES;
				CLANG_WARN_OBJC_IMPLICIT_RETAIN_SELF = YES;
				CLANG_WARN_OBJC_LITERAL_CONVERSION = YES;
				CLANG_WARN_OBJC_ROOT_CLASS = YES_ERROR;
				CLANG_WARN_QUOTED_INCLUDE_IN_FRAMEWORK_HEADER = YES;
				CLANG_WARN_RANGE_LOOP_ANALYSIS = YES;
				CLANG_WARN_STRICT_PROTOTYPES = YES;
				CLANG_WARN_SUSPICIOUS_MOVE = YES;
				CLANG_WARN_UNGUARDED_AVAILABILITY = YES_AGGRESSIVE;
				CLANG_WARN_UNREACHABLE_CODE = YES;
				CLANG_WARN__DUPLICATE_METHOD_MATCH = YES;
				COPY_PHASE_STRIP = NO;
				DEBUG_INFORMATION_FORMAT = "dwarf-with-dsym";
				ENABLE_NS_ASSERTIONS = NO;
				ENABLE_STRICT_OBJC_MSGSEND = YES;
				GCC_C_LANGUAGE_STANDARD = gnu11;
				GCC_NO_COMMON_BLOCKS = YES;
				GCC_WARN_64_TO_32_BIT_CONVERSION = YES;
				GCC_WARN_ABOUT_RETURN_TYPE = YES_ERROR;
				GCC_WARN_UNDECLARED_SELECTOR = YES;
				GCC_WARN_UNINITIALIZED_AUTOS = YES_AGGRESSIVE;
				GCC_WARN_UNUSED_FUNCTION = YES;
				GCC_WARN_UNUSED_VARIABLE = YES;
				IPHONEOS_DEPLOYMENT_TARGET = 14.5;
				MTL_ENABLE_DEBUG_INFO = NO;
				MTL_FAST_MATH = YES;
				SDKROOT = iphoneos;
				SWIFT_COMPILATION_MODE = wholemodule;
				SWIFT_OPTIMIZATION_LEVEL = "-O";
				VALIDATE_PRODUCT = YES;
			};
			name = Release;
		};
		00F2013E269DF55300DC9785 /* Debug */ = {
			isa = XCBuildConfiguration;
			buildSettings = {
				ASSETCATALOG_COMPILER_APPICON_NAME = AppIcon;
				ASSETCATALOG_COMPILER_GLOBAL_ACCENT_COLOR_NAME = AccentColor;
				CODE_SIGN_STYLE = Automatic;
				DEVELOPMENT_TEAM = 7Z6GZB5Y9X;
				INFOPLIST_FILE = MusicLinkTest/Info.plist;
				LD_RUNPATH_SEARCH_PATHS = (
					"$(inherited)",
					"@executable_path/Frameworks",
				);
				PRODUCT_BUNDLE_IDENTIFIER = com.dhruvweaver.MusicLinkTest;
				PRODUCT_NAME = "$(TARGET_NAME)";
				SWIFT_VERSION = 5.0;
				TARGETED_DEVICE_FAMILY = 1;
			};
			name = Debug;
		};
		00F2013F269DF55300DC9785 /* Release */ = {
			isa = XCBuildConfiguration;
			buildSettings = {
				ASSETCATALOG_COMPILER_APPICON_NAME = AppIcon;
				ASSETCATALOG_COMPILER_GLOBAL_ACCENT_COLOR_NAME = AccentColor;
				CODE_SIGN_STYLE = Automatic;
				DEVELOPMENT_TEAM = 7Z6GZB5Y9X;
				INFOPLIST_FILE = MusicLinkTest/Info.plist;
				LD_RUNPATH_SEARCH_PATHS = (
					"$(inherited)",
					"@executable_path/Frameworks",
				);
				PRODUCT_BUNDLE_IDENTIFIER = com.dhruvweaver.MusicLinkTest;
				PRODUCT_NAME = "$(TARGET_NAME)";
				SWIFT_VERSION = 5.0;
				TARGETED_DEVICE_FAMILY = 1;
			};
			name = Release;
		};
/* End XCBuildConfiguration section */

/* Begin XCConfigurationList section */
		00F20124269DF55300DC9785 /* Build configuration list for PBXProject "MusicLinkTest" */ = {
			isa = XCConfigurationList;
			buildConfigurations = (
				00F2013B269DF55300DC9785 /* Debug */,
				00F2013C269DF55300DC9785 /* Release */,
			);
			defaultConfigurationIsVisible = 0;
			defaultConfigurationName = Release;
		};
		00F2013D269DF55300DC9785 /* Build configuration list for PBXNativeTarget "MusicLinkTest" */ = {
			isa = XCConfigurationList;
			buildConfigurations = (
				00F2013E269DF55300DC9785 /* Debug */,
				00F2013F269DF55300DC9785 /* Release */,
			);
			defaultConfigurationIsVisible = 0;
			defaultConfigurationName = Release;
		};
/* End XCConfigurationList section */
	};
	rootObject = 00F20121269DF55300DC9785 /* Project object */;
}
